
Microsoft Visual Studio Solution File, Format Version 12.00
# Visual Studio 15
VisualStudioVersion = 15.0.28010.2036
MinimumVisualStudioVersion = 10.0.40219.1
Project("{2150E333-8FDC-42A3-9474-1A3956D46DE8}") = "Solution Items", "Solution Items", "{C99A6B38-2159-4E55-9698-69B9EB3C828C}"
	ProjectSection(SolutionItems) = preProject
		app.js = app.js
		poke_api.html = poke_api.html
	EndProjectSection
EndProject
Global
	GlobalSection(SolutionProperties) = preSolution
		HideSolutionNode = FALSE
	EndGlobalSection
	GlobalSection(ExtensibilityGlobals) = postSolution
		SolutionGuid = {66BCD169-19F7-47A2-BEBC-2CB1427AA656}
	EndGlobalSection
EndGlobal
